
Microsoft Visual Studio Solution File, Format Version 12.00
# Visual Studio Version 16
VisualStudioVersion = 16.0.31605.320
MinimumVisualStudioVersion = 10.0.40219.1
Project("{FAE04EC0-301F-11D3-BF4B-00C04F79EFBC}") = "Explorer Tools", "Explorer Tools.csproj", "{D08F3C52-FD23-4605-BAF2-67030720E199}"
EndProject
Global
	GlobalSection(SolutionConfigurationPlatforms) = preSolution
		Debug|Any CPU = Debug|Any CPU
		Release|Any CPU = Release|Any CPU
	EndGlobalSection
	GlobalSection(ProjectConfigurationPlatforms) = postSolution
		{D08F3C52-FD23-4605-BAF2-67030720E199}.Debug|Any CPU.ActiveCfg = Debug|Any CPU
		{D08F3C52-FD23-4605-BAF2-67030720E199}.Debug|Any CPU.Build.0 = Debug|Any CPU
		{D08F3C52-FD23-4605-BAF2-67030720E199}.Release|Any CPU.ActiveCfg = Release|Any CPU
		{D08F3C52-FD23-4605-BAF2-67030720E199}.Release|Any CPU.Build.0 = Release|Any CPU
	EndGlobalSection
	GlobalSection(SolutionProperties) = preSolution
		HideSolutionNode = FALSE
	EndGlobalSection
	GlobalSection(ExtensibilityGlobals) = postSolution
		SolutionGuid = {A57BED31-D711-475A-83B0-F8239FB5578A}
	EndGlobalSection
EndGlobal
